
Microsoft Visual Studio Solution File, Format Version 12.00
# Visual Studio Version 17
VisualStudioVersion = 17.10.34928.147
MinimumVisualStudioVersion = 10.0.40219.1
Project("{FAE04EC0-301F-11D3-BF4B-00C04F79EFBC}") = "Simulacion-Capas-Aranzadi", "Simulacion-Capas-Aranzadi\Simulacion-Capas-Aranzadi.csproj", "{A1285908-D903-431D-A718-019B914897A0}"
EndProject
Project("{FAE04EC0-301F-11D3-BF4B-00C04F79EFBC}") = "Simulacion-Capas-Infolex", "Simulacion-Capas-Infolex\Simulacion-Capas-Infolex.csproj", "{7B0E0963-5BF9-4503-9804-0019C7C14011}"
EndProject
Global
	GlobalSection(SolutionConfigurationPlatforms) = preSolution
		Debug|Any CPU = Debug|Any CPU
		Release|Any CPU = Release|Any CPU
	EndGlobalSection
	GlobalSection(ProjectConfigurationPlatforms) = postSolution
		{A1285908-D903-431D-A718-019B914897A0}.Debug|Any CPU.ActiveCfg = Debug|Any CPU
		{A1285908-D903-431D-A718-019B914897A0}.Debug|Any CPU.Build.0 = Debug|Any CPU
		{A1285908-D903-431D-A718-019B914897A0}.Release|Any CPU.ActiveCfg = Release|Any CPU
		{A1285908-D903-431D-A718-019B914897A0}.Release|Any CPU.Build.0 = Release|Any CPU
		{7B0E0963-5BF9-4503-9804-0019C7C14011}.Debug|Any CPU.ActiveCfg = Debug|Any CPU
		{7B0E0963-5BF9-4503-9804-0019C7C14011}.Debug|Any CPU.Build.0 = Debug|Any CPU
		{7B0E0963-5BF9-4503-9804-0019C7C14011}.Release|Any CPU.ActiveCfg = Release|Any CPU
		{7B0E0963-5BF9-4503-9804-0019C7C14011}.Release|Any CPU.Build.0 = Release|Any CPU
	EndGlobalSection
	GlobalSection(SolutionProperties) = preSolution
		HideSolutionNode = FALSE
	EndGlobalSection
	GlobalSection(ExtensibilityGlobals) = postSolution
		SolutionGuid = {1CB16BD9-11D4-4A64-AD5A-B6438CBD26D6}
	EndGlobalSection
EndGlobal
